
Microsoft Visual Studio Solution File, Format Version 12.00
# Visual Studio Version 17
VisualStudioVersion = 17.5.002.0
MinimumVisualStudioVersion = 10.0.40219.1
Project("{9A19103F-16F7-4668-BE54-9A1E7A4F7556}") = "Test_CSharp", "Test_CSharp\Test_CSharp.csproj", "{02B574AB-DA8D-40BA-A961-64112EBB009F}"
EndProject
Global
	GlobalSection(SolutionConfigurationPlatforms) = preSolution
		Debug|Any CPU = Debug|Any CPU
		Release|Any CPU = Release|Any CPU
	EndGlobalSection
	GlobalSection(ProjectConfigurationPlatforms) = postSolution
		{02B574AB-DA8D-40BA-A961-64112EBB009F}.Debug|Any CPU.ActiveCfg = Debug|Any CPU
		{02B574AB-DA8D-40BA-A961-64112EBB009F}.Debug|Any CPU.Build.0 = Debug|Any CPU
		{02B574AB-DA8D-40BA-A961-64112EBB009F}.Release|Any CPU.ActiveCfg = Release|Any CPU
		{02B574AB-DA8D-40BA-A961-64112EBB009F}.Release|Any CPU.Build.0 = Release|Any CPU
	EndGlobalSection
	GlobalSection(SolutionProperties) = preSolution
		HideSolutionNode = FALSE
	EndGlobalSection
	GlobalSection(ExtensibilityGlobals) = postSolution
		SolutionGuid = {E16E3EA7-9A44-4C35-9862-9DB7BB2A7512}
	EndGlobalSection
EndGlobal
